Microsoft Visual Studio Solution File, Format Version 12.00
# Visual Studio 14
VisualStudioVersion = 14.0.23107.0
MinimumVisualStudioVersion = 10.0.40219.1
Project("{FAE04EC0-301F-11D3-BF4B-00C04F79EFBC}") = "WinSync", "WinSync\WinSync.csproj", "{016AF3B7-8FFD-45D2-8A94-BF9E723CE953}"
EndProject
Project("{FAE04EC0-301F-11D3-BF4B-00C04F79EFBC}") = "WinFormDesign", "..\..\Utils\WinFormDesign\WinFormDesign\WinFormDesign.csproj", "{3E83D01F-9DF2-4C32-B764-7F21C0D4A4E8}"
EndProject
Global
	GlobalSection(SolutionConfigurationPlatforms) = preSolution
		Debug|Any CPU = Debug|Any CPU
		Release|Any CPU = Release|Any CPU
	EndGlobalSection
	GlobalSection(ProjectConfigurationPlatforms) = postSolution
		{016AF3B7-8FFD-45D2-8A94-BF9E723CE953}.Debug|Any CPU.ActiveCfg = Debug|Any CPU
		{016AF3B7-8FFD-45D2-8A94-BF9E723CE953}.Debug|Any CPU.Build.0 = Debug|Any CPU
		{016AF3B7-8FFD-45D2-8A94-BF9E723CE953}.Release|Any CPU.ActiveCfg = Release|Any CPU
		{016AF3B7-8FFD-45D2-8A94-BF9E723CE953}.Release|Any CPU.Build.0 = Release|Any CPU
		{3E83D01F-9DF2-4C32-B764-7F21C0D4A4E8}.Debug|Any CPU.ActiveCfg = Debug|Any CPU
		{3E83D01F-9DF2-4C32-B764-7F21C0D4A4E8}.Debug|Any CPU.Build.0 = Debug|Any CPU
		{3E83D01F-9DF2-4C32-B764-7F21C0D4A4E8}.Release|Any CPU.ActiveCfg = Release|Any CPU
		{3E83D01F-9DF2-4C32-B764-7F21C0D4A4E8}.Release|Any CPU.Build.0 = Release|Any CPU
	EndGlobalSection
	GlobalSection(SolutionProperties) = preSolution
		HideSolutionNode = FALSE
	EndGlobalSection
EndGlobal
